
Microsoft Visual Studio Solution File, Format Version 12.00
# Visual Studio Version 17
VisualStudioVersion = 17.9.34622.214
MinimumVisualStudioVersion = 10.0.40219.1
Project("{FAE04EC0-301F-11D3-BF4B-00C04F79EFBC}") = "BookStore.API", "BookStore.API\BookStore.API.csproj", "{912B32EE-1100-4348-8C7A-6AA50AE0AC01}"
EndProject
Project("{FAE04EC0-301F-11D3-BF4B-00C04F79EFBC}") = "BookStore.Core", "BookStore.Core\BookStore.Core.csproj", "{ABBB8A42-A9F0-4E18-905E-78C5E314F4D5}"
EndProject
Project("{FAE04EC0-301F-11D3-BF4B-00C04F79EFBC}") = "BookStore.DataAccess", "BookStore.DataAccess\BookStore.DataAccess.csproj", "{142FD154-B250-4C9A-8F23-0D262A9D04E2}"
EndProject
Project("{FAE04EC0-301F-11D3-BF4B-00C04F79EFBC}") = "BookStore.Application", "BookStore.Application\BookStore.Application.csproj", "{99267CA1-5E72-4BFF-A274-73E129656EF3}"
EndProject
Global
	GlobalSection(SolutionConfigurationPlatforms) = preSolution
		Debug|Any CPU = Debug|Any CPU
		Release|Any CPU = Release|Any CPU
	EndGlobalSection
	GlobalSection(ProjectConfigurationPlatforms) = postSolution
		{912B32EE-1100-4348-8C7A-6AA50AE0AC01}.Debug|Any CPU.ActiveCfg = Debug|Any CPU
		{912B32EE-1100-4348-8C7A-6AA50AE0AC01}.Debug|Any CPU.Build.0 = Debug|Any CPU
		{912B32EE-1100-4348-8C7A-6AA50AE0AC01}.Release|Any CPU.ActiveCfg = Release|Any CPU
		{912B32EE-1100-4348-8C7A-6AA50AE0AC01}.Release|Any CPU.Build.0 = Release|Any CPU
		{ABBB8A42-A9F0-4E18-905E-78C5E314F4D5}.Debug|Any CPU.ActiveCfg = Debug|Any CPU
		{ABBB8A42-A9F0-4E18-905E-78C5E314F4D5}.Debug|Any CPU.Build.0 = Debug|Any CPU
		{ABBB8A42-A9F0-4E18-905E-78C5E314F4D5}.Release|Any CPU.ActiveCfg = Release|Any CPU
		{ABBB8A42-A9F0-4E18-905E-78C5E314F4D5}.Release|Any CPU.Build.0 = Release|Any CPU
		{142FD154-B250-4C9A-8F23-0D262A9D04E2}.Debug|Any CPU.ActiveCfg = Debug|Any CPU
		{142FD154-B250-4C9A-8F23-0D262A9D04E2}.Debug|Any CPU.Build.0 = Debug|Any CPU
		{142FD154-B250-4C9A-8F23-0D262A9D04E2}.Release|Any CPU.ActiveCfg = Release|Any CPU
		{142FD154-B250-4C9A-8F23-0D262A9D04E2}.Release|Any CPU.Build.0 = Release|Any CPU
		{99267CA1-5E72-4BFF-A274-73E129656EF3}.Debug|Any CPU.ActiveCfg = Debug|Any CPU
		{99267CA1-5E72-4BFF-A274-73E129656EF3}.Debug|Any CPU.Build.0 = Debug|Any CPU
		{99267CA1-5E72-4BFF-A274-73E129656EF3}.Release|Any CPU.ActiveCfg = Release|Any CPU
		{99267CA1-5E72-4BFF-A274-73E129656EF3}.Release|Any CPU.Build.0 = Release|Any CPU
	EndGlobalSection
	GlobalSection(SolutionProperties) = preSolution
		HideSolutionNode = FALSE
	EndGlobalSection
	GlobalSection(ExtensibilityGlobals) = postSolution
		SolutionGuid = {EC5F54EA-B267-4E47-9811-0B8163A034B3}
	EndGlobalSection
EndGlobal
